// !$*UTF8*$!
{
	archiveVersion = 1;
	classes = {
	};
	objectVersion = 55;
	objects = {

/* Begin PBXBuildFile section */
		89BAB0222790FC7B007BEEA7 /* AppDelegate.swift in Sources */ = {isa = PBXBuildFile; fileRef = 89BAB0212790FC7B007BEEA7 /* AppDelegate.swift */; };
		89BAB0242790FC7B007BEEA7 /* SceneDelegate.swift in Sources */ = {isa = PBXBuildFile; fileRef = 89BAB0232790FC7B007BEEA7 /* SceneDelegate.swift */; };
		89BAB0262790FC7B007BEEA7 /* ViewController.swift in Sources */ = {isa = PBXBuildFile; fileRef = 89BAB0252790FC7B007BEEA7 /* ViewController.swift */; };
		89BAB0292790FC7B007BEEA7 /* Main.storyboard in Resources */ = {isa = PBXBuildFile; fileRef = 89BAB0272790FC7B007BEEA7 /* Main.storyboard */; };
		89BAB02B2790FC7B007BEEA7 /* Assets.xcassets in Resources */ = {isa = PBXBuildFile; fileRef = 89BAB02A2790FC7B007BEEA7 /* Assets.xcassets */; };
		89BAB02E2790FC7B007BEEA7 /* LaunchScreen.storyboard in Resources */ = {isa = PBXBuildFile; fileRef = 89BAB02C2790FC7B007BEEA7 /* LaunchScreen.storyboard */; };
		89BAB0362790FD0C007BEEA7 /* PokeCell.xib in Resources */ = {isa = PBXBuildFile; fileRef = 89BAB0352790FD0C007BEEA7 /* PokeCell.xib */; };
		89BAB03827910005007BEEA7 /* PokemonModel.swift in Sources */ = {isa = PBXBuildFile; fileRef = 89BAB03727910005007BEEA7 /* PokemonModel.swift */; };
		89BAB03A2791003F007BEEA7 /* PokeCell.swift in Sources */ = {isa = PBXBuildFile; fileRef = 89BAB0392791003F007BEEA7 /* PokeCell.swift */; };
		89BAB03D27910074007BEEA7 /* NetworkManager.swift in Sources */ = {isa = PBXBuildFile; fileRef = 89BAB03C27910074007BEEA7 /* NetworkManager.swift */; };
		89BAB04027911103007BEEA7 /* Extensions.swift in Sources */ = {isa = PBXBuildFile; fileRef = 89BAB03F27911103007BEEA7 /* Extensions.swift */; };
/* End PBXBuildFile section */

/* Begin PBXFileReference section */
		89BAB01E2790FC7B007BEEA7 /* PokedexToodoo.app */ = {isa = PBXFileReference; explicitFileType = wrapper.application; includeInIndex = 0; path = PokedexToodoo.app; sourceTree = BUILT_PRODUCTS_DIR; };
		89BAB0212790FC7B007BEEA7 /* AppDelegate.swift */ = {isa = PBXFileReference; lastKnownFileType = sourcecode.swift; path = AppDelegate.swift; sourceTree = "<group>"; };
		89BAB0232790FC7B007BEEA7 /* SceneDelegate.swift */ = {isa = PBXFileReference; lastKnownFileType = sourcecode.swift; path = SceneDelegate.swift; sourceTree = "<group>"; };
		89BAB0252790FC7B007BEEA7 /* ViewController.swift */ = {isa = PBXFileReference; lastKnownFileType = sourcecode.swift; path = ViewController.swift; sourceTree = "<group>"; };
		89BAB0282790FC7B007BEEA7 /* Base */ = {isa = PBXFileReference; lastKnownFileType = file.storyboard; name = Base; path = Base.lproj/Main.storyboard; sourceTree = "<group>"; };
		89BAB02A2790FC7B007BEEA7 /* Assets.xcassets */ = {isa = PBXFileReference; lastKnownFileType = folder.assetcatalog; path = Assets.xcassets; sourceTree = "<group>"; };
		89BAB02D2790FC7B007BEEA7 /* Base */ = {isa = PBXFileReference; lastKnownFileType = file.storyboard; name = Base; path = Base.lproj/LaunchScreen.storyboard; sourceTree = "<group>"; };
		89BAB02F2790FC7B007BEEA7 /* Info.plist */ = {isa = PBXFileReference; lastKnownFileType = text.plist.xml; path = Info.plist; sourceTree = "<group>"; };
		89BAB0352790FD0C007BEEA7 /* PokeCell.xib */ = {isa = PBXFileReference; lastKnownFileType = file.xib; path = PokeCell.xib; sourceTree = "<group>"; };
		89BAB03727910005007BEEA7 /* PokemonModel.swift */ = {isa = PBXFileReference; lastKnownFileType = sourcecode.swift; path = PokemonModel.swift; sourceTree = "<group>"; };
		89BAB0392791003F007BEEA7 /* PokeCell.swift */ = {isa = PBXFileReference; lastKnownFileType = sourcecode.swift; path = PokeCell.swift; sourceTree = "<group>"; };
		89BAB03C27910074007BEEA7 /* NetworkManager.swift */ = {isa = PBXFileReference; lastKnownFileType = sourcecode.swift; path = NetworkManager.swift; sourceTree = "<group>"; };
		89BAB03F27911103007BEEA7 /* Extensions.swift */ = {isa = PBXFileReference; lastKnownFileType = sourcecode.swift; path = Extensions.swift; sourceTree = "<group>"; };
/* End PBXFileReference section */

/* Begin PBXFrameworksBuildPhase section */
		89BAB01B2790FC7B007BEEA7 /* Frameworks */ = {
			isa = PBXFrameworksBuildPhase;
			buildActionMask = 2147483647;
			files = (
			);
			runOnlyForDeploymentPostprocessing = 0;
		};
/* End PBXFrameworksBuildPhase section */

/* Begin PBXGroup section */
		89BAB0152790FC7B007BEEA7 = {
			isa = PBXGroup;
			children = (
				89BAB0202790FC7B007BEEA7 /* PokedexToodoo */,
				89BAB01F2790FC7B007BEEA7 /* Products */,
			);
			sourceTree = "<group>";
		};
		89BAB01F2790FC7B007BEEA7 /* Products */ = {
			isa = PBXGroup;
			children = (
				89BAB01E2790FC7B007BEEA7 /* PokedexToodoo.app */,
			);
			name = Products;
			sourceTree = "<group>";
		};
		89BAB0202790FC7B007BEEA7 /* PokedexToodoo */ = {
			isa = PBXGroup;
			children = (
				89BAB03E279110E7007BEEA7 /* Shared */,
				89BAB03B27910053007BEEA7 /* serviceLayer */,
				89BAB0212790FC7B007BEEA7 /* AppDelegate.swift */,
				89BAB0232790FC7B007BEEA7 /* SceneDelegate.swift */,
				89BAB03727910005007BEEA7 /* PokemonModel.swift */,
				89BAB0392791003F007BEEA7 /* PokeCell.swift */,
				89BAB0252790FC7B007BEEA7 /* ViewController.swift */,
				89BAB0272790FC7B007BEEA7 /* Main.storyboard */,
				89BAB0352790FD0C007BEEA7 /* PokeCell.xib */,
				89BAB02A2790FC7B007BEEA7 /* Assets.xcassets */,
				89BAB02C2790FC7B007BEEA7 /* LaunchScreen.storyboard */,
				89BAB02F2790FC7B007BEEA7 /* Info.plist */,
			);
			path = PokedexToodoo;
			sourceTree = "<group>";
		};
		89BAB03B27910053007BEEA7 /* serviceLayer */ = {
			isa = PBXGroup;
			children = (
				89BAB03C27910074007BEEA7 /* NetworkManager.swift */,
			);
			path = serviceLayer;
			sourceTree = "<group>";
		};
		89BAB03E279110E7007BEEA7 /* Shared */ = {
			isa = PBXGroup;
			children = (
				89BAB03F27911103007BEEA7 /* Extensions.swift */,
			);
			path = Shared;
			sourceTree = "<group>";
		};
/* End PBXGroup section */

/* Begin PBXNativeTarget section */
		89BAB01D2790FC7B007BEEA7 /* PokedexToodoo */ = {
			isa = PBXNativeTarget;
			buildConfigurationList = 89BAB0322790FC7B007BEEA7 /* Build configuration list for PBXNativeTarget "PokedexToodoo" */;
			buildPhases = (
				89BAB01A2790FC7B007BEEA7 /* Sources */,
				89BAB01B2790FC7B007BEEA7 /* Frameworks */,
				89BAB01C2790FC7B007BEEA7 /* Resources */,
			);
			buildRules = (
			);
			dependencies = (
			);
			name = PokedexToodoo;
			productName = PokedexToodoo;
			productReference = 89BAB01E2790FC7B007BEEA7 /* PokedexToodoo.app */;
			productType = "com.apple.product-type.application";
		};
/* End PBXNativeTarget section */

/* Begin PBXProject section */
		89BAB0162790FC7B007BEEA7 /* Project object */ = {
			isa = PBXProject;
			attributes = {
				BuildIndependentTargetsInParallel = 1;
				LastSwiftUpdateCheck = 1310;
				LastUpgradeCheck = 1310;
				TargetAttributes = {
					89BAB01D2790FC7B007BEEA7 = {
						CreatedOnToolsVersion = 13.1;
					};
				};
			};
			buildConfigurationList = 89BAB0192790FC7B007BEEA7 /* Build configuration list for PBXProject "PokedexToodoo" */;
			compatibilityVersion = "Xcode 13.0";
			developmentRegion = en;
			hasScannedForEncodings = 0;
			knownRegions = (
				en,
				Base,
			);
			mainGroup = 89BAB0152790FC7B007BEEA7;
			productRefGroup = 89BAB01F2790FC7B007BEEA7 /* Products */;
			projectDirPath = "";
			projectRoot = "";
			targets = (
				89BAB01D2790FC7B007BEEA7 /* PokedexToodoo */,
			);
		};
/* End PBXProject section */

/* Begin PBXResourcesBuildPhase section */
		89BAB01C2790FC7B007BEEA7 /* Resources */ = {
			isa = PBXResourcesBuildPhase;
			buildActionMask = 2147483647;
			files = (
				89BAB0362790FD0C007BEEA7 /* PokeCell.xib in Resources */,
				89BAB02E2790FC7B007BEEA7 /* LaunchScreen.storyboard in Resources */,
				89BAB02B2790FC7B007BEEA7 /* Assets.xcassets in Resources */,
				89BAB0292790FC7B007BEEA7 /* Main.storyboard in Resources */,
			);
			runOnlyForDeploymentPostprocessing = 0;
		};
/* End PBXResourcesBuildPhase section */

/* Begin PBXSourcesBuildPhase section */
		89BAB01A2790FC7B007BEEA7 /* Sources */ = {
			isa = PBXSourcesBuildPhase;
			buildActionMask = 2147483647;
			files = (
				89BAB03D27910074007BEEA7 /* NetworkManager.swift in Sources */,
				89BAB0262790FC7B007BEEA7 /* ViewController.swift in Sources */,
				89BAB0222790FC7B007BEEA7 /* AppDelegate.swift in Sources */,
				89BAB0242790FC7B007BEEA7 /* SceneDelegate.swift in Sources */,
				89BAB03827910005007BEEA7 /* PokemonModel.swift in Sources */,
				89BAB03A2791003F007BEEA7 /* PokeCell.swift in Sources */,
				89BAB04027911103007BEEA7 /* Extensions.swift in Sources */,
			);
			runOnlyForDeploymentPostprocessing = 0;
		};
/* End PBXSourcesBuildPhase section */

/* Begin PBXVariantGroup section */
		89BAB0272790FC7B007BEEA7 /* Main.storyboard */ = {
			isa = PBXVariantGroup;
			children = (
				89BAB0282790FC7B007BEEA7 /* Base */,
			);
			name = Main.storyboard;
			sourceTree = "<group>";
		};
		89BAB02C2790FC7B007BEEA7 /* LaunchScreen.storyboard */ = {
			isa = PBXVariantGroup;
			children = (
				89BAB02D2790FC7B007BEEA7 /* Base */,
			);
			name = LaunchScreen.storyboard;
			sourceTree = "<group>";
		};
/* End PBXVariantGroup section */

/* Begin XCBuildConfiguration section */
		89BAB0302790FC7B007BEEA7 /* Debug */ = {
			isa = XCBuildConfiguration;
			buildSettings = {
				ALWAYS_SEARCH_USER_PATHS = NO;
				CLANG_ANALYZER_NONNULL = YES;
				CLANG_ANALYZER_NUMBER_OBJECT_CONVERSION = YES_AGGRESSIVE;
				CLANG_CXX_LANGUAGE_STANDARD = "gnu++17";
				CLANG_CXX_LIBRARY = "libc++";
				CLANG_ENABLE_MODULES = YES;
				CLANG_ENABLE_OBJC_ARC = YES;
				CLANG_ENABLE_OBJC_WEAK = YES;
				CLANG_WARN_BLOCK_CAPTURE_AUTORELEASING = YES;
				CLANG_WARN_BOOL_CONVERSION = YES;
				CLANG_WARN_COMMA = YES;
				CLANG_WARN_CONSTANT_CONVERSION = YES;
				CLANG_WARN_DEPRECATED_OBJC_IMPLEMENTATIONS = YES;
				CLANG_WARN_DIRECT_OBJC_ISA_USAGE = YES_ERROR;
				CLANG_WARN_DOCUMENTATION_COMMENTS = YES;
				CLANG_WARN_EMPTY_BODY = YES;
				CLANG_WARN_ENUM_CONVERSION = YES;
				CLANG_WARN_INFINITE_RECURSION = YES;
				CLANG_WARN_INT_CONVERSION = YES;
				CLANG_WARN_NON_LITERAL_NULL_CONVERSION = YES;
				CLANG_WARN_OBJC_IMPLICIT_RETAIN_SELF = YES;
				CLANG_WARN_OBJC_LITERAL_CONVERSION = YES;
				CLANG_WARN_OBJC_ROOT_CLASS = YES_ERROR;
				CLANG_WARN_QUOTED_INCLUDE_IN_FRAMEWORK_HEADER = YES;
				CLANG_WARN_RANGE_LOOP_ANALYSIS = YES;
				CLANG_WARN_STRICT_PROTOTYPES = YES;
				CLANG_WARN_SUSPICIOUS_MOVE = YES;
				CLANG_WARN_UNGUARDED_AVAILABILITY = YES_AGGRESSIVE;
				CLANG_WARN_UNREACHABLE_CODE = YES;
				CLANG_WARN__DUPLICATE_METHOD_MATCH = YES;
				COPY_PHASE_STRIP = NO;
				DEBUG_INFORMATION_FORMAT = dwarf;
				ENABLE_STRICT_OBJC_MSGSEND = YES;
				ENABLE_TESTABILITY = YES;
				GCC_C_LANGUAGE_STANDARD = gnu11;
				GCC_DYNAMIC_NO_PIC = NO;
				GCC_NO_COMMON_BLOCKS = YES;
				GCC_OPTIMIZATION_LEVEL = 0;
				GCC_PREPROCESSOR_DEFINITIONS = (
					"DEBUG=1",
					"$(inherited)",
				);
				GCC_WARN_64_TO_32_BIT_CONVERSION = YES;
				GCC_WARN_ABOUT_RETURN_TYPE = YES_ERROR;
				GCC_WARN_UNDECLARED_SELECTOR = YES;
				GCC_WARN_UNINITIALIZED_AUTOS = YES_AGGRESSIVE;
				GCC_WARN_UNUSED_FUNCTION = YES;
				GCC_WARN_UNUSED_VARIABLE = YES;
				IPHONEOS_DEPLOYMENT_TARGET = 15.0;
				MTL_ENABLE_DEBUG_INFO = INCLUDE_SOURCE;
				MTL_FAST_MATH = YES;
				ONLY_ACTIVE_ARCH = YES;
				SDKROOT = iphoneos;
				SWIFT_ACTIVE_COMPILATION_CONDITIONS = DEBUG;
				SWIFT_OPTIMIZATION_LEVEL = "-Onone";
			};
			name = Debug;
		};
		89BAB0312790FC7B007BEEA7 /* Release */ = {
			isa = XCBuildConfiguration;
			buildSettings = {
				ALWAYS_SEARCH_USER_PATHS = NO;
				CLANG_ANALYZER_NONNULL = YES;
				CLANG_ANALYZER_NUMBER_OBJECT_CONVERSION = YES_AGGRESSIVE;
				CLANG_CXX_LANGUAGE_STANDARD = "gnu++17";
				CLANG_CXX_LIBRARY = "libc++";
				CLANG_ENABLE_MODULES = YES;
				CLANG_ENABLE_OBJC_ARC = YES;
				CLANG_ENABLE_OBJC_WEAK = YES;
				CLANG_WARN_BLOCK_CAPTURE_AUTORELEASING = YES;
				CLANG_WARN_BOOL_CONVERSION = YES;
				CLANG_WARN_COMMA = YES;
				CLANG_WARN_CONSTANT_CONVERSION = YES;
				CLANG_WARN_DEPRECATED_OBJC_IMPLEMENTATIONS = YES;
				CLANG_WARN_DIRECT_OBJC_ISA_USAGE = YES_ERROR;
				CLANG_WARN_DOCUMENTATION_COMMENTS = YES;
				CLANG_WARN_EMPTY_BODY = YES;
				CLANG_WARN_ENUM_CONVERSION = YES;
				CLANG_WARN_INFINITE_RECURSION = YES;
				CLANG_WARN_INT_CONVERSION = YES;
				CLANG_WARN_NON_LITERAL_NULL_CONVERSION = YES;
				CLANG_WARN_OBJC_IMPLICIT_RETAIN_SELF = YES;
				CLANG_WARN_OBJC_LITERAL_CONVERSION = YES;
				CLANG_WARN_OBJC_ROOT_CLASS = YES_ERROR;
				CLANG_WARN_QUOTED_INCLUDE_IN_FRAMEWORK_HEADER = YES;
				CLANG_WARN_RANGE_LOOP_ANALYSIS = YES;
				CLANG_WARN_STRICT_PROTOTYPES = YES;
				CLANG_WARN_SUSPICIOUS_MOVE = YES;
				CLANG_WARN_UNGUARDED_AVAILABILITY = YES_AGGRESSIVE;
				CLANG_WARN_UNREACHABLE_CODE = YES;
				CLANG_WARN__DUPLICATE_METHOD_MATCH = YES;
				COPY_PHASE_STRIP = NO;
				DEBUG_INFORMATION_FORMAT = "dwarf-with-dsym";
				ENABLE_NS_ASSERTIONS = NO;
				ENABLE_STRICT_OBJC_MSGSEND = YES;
				GCC_C_LANGUAGE_STANDARD = gnu11;
				GCC_NO_COMMON_BLOCKS = YES;
				GCC_WARN_64_TO_32_BIT_CONVERSION = YES;
				GCC_WARN_ABOUT_RETURN_TYPE = YES_ERROR;
				GCC_WARN_UNDECLARED_SELECTOR = YES;
				GCC_WARN_UNINITIALIZED_AUTOS = YES_AGGRESSIVE;
				GCC_WARN_UNUSED_FUNCTION = YES;
				GCC_WARN_UNUSED_VARIABLE = YES;
				IPHONEOS_DEPLOYMENT_TARGET = 15.0;
				MTL_ENABLE_DEBUG_INFO = NO;
				MTL_FAST_MATH = YES;
				SDKROOT = iphoneos;
				SWIFT_COMPILATION_MODE = wholemodule;
				SWIFT_OPTIMIZATION_LEVEL = "-O";
				VALIDATE_PRODUCT = YES;
			};
			name = Release;
		};
		89BAB0332790FC7B007BEEA7 /* Debug */ = {
			isa = XCBuildConfiguration;
			buildSettings = {
				ASSETCATALOG_COMPILER_APPICON_NAME = AppIcon;
				ASSETCATALOG_COMPILER_GLOBAL_ACCENT_COLOR_NAME = AccentColor;
				CODE_SIGN_STYLE = Automatic;
				CURRENT_PROJECT_VERSION = 1;
				GENERATE_INFOPLIST_FILE = YES;
				INFOPLIST_FILE = PokedexToodoo/Info.plist;
				INFOPLIST_KEY_UIApplicationSupportsIndirectInputEvents = YES;
				INFOPLIST_KEY_UILaunchStoryboardName = LaunchScreen;
				INFOPLIST_KEY_UIMainStoryboardFile = Main;
				INFOPLIST_KEY_UISupportedInterfaceOrientations_iPad = "UIInterfaceOrientationPortrait UIInterfaceOrientationPortraitUpsideDown UIInterfaceOrientationLandscapeLeft UIInterfaceOrientationLandscapeRight";
				INFOPLIST_KEY_UISupportedInterfaceOrientations_iPhone = "UIInterfaceOrientationPortrait UIInterfaceOrientationLandscapeLeft UIInterfaceOrientationLandscapeRight";
				LD_RUNPATH_SEARCH_PATHS = (
					"$(inherited)",
					"@executable_path/Frameworks",
				);
				MARKETING_VERSION = 1.0;
				PRODUCT_BUNDLE_IDENTIFIER = Toodoo.PokedexToodoo;
				PRODUCT_NAME = "$(TARGET_NAME)";
				SWIFT_EMIT_LOC_STRINGS = YES;
				SWIFT_VERSION = 5.0;
				TARGETED_DEVICE_FAMILY = "1,2";
			};
			name = Debug;
		};
		89BAB0342790FC7B007BEEA7 /* Release */ = {
			isa = XCBuildConfiguration;
			buildSettings = {
				ASSETCATALOG_COMPILER_APPICON_NAME = AppIcon;
				ASSETCATALOG_COMPILER_GLOBAL_ACCENT_COLOR_NAME = AccentColor;
				CODE_SIGN_STYLE = Automatic;
				CURRENT_PROJECT_VERSION = 1;
				GENERATE_INFOPLIST_FILE = YES;
				INFOPLIST_FILE = PokedexToodoo/Info.plist;
				INFOPLIST_KEY_UIApplicationSupportsIndirectInputEvents = YES;
				INFOPLIST_KEY_UILaunchStoryboardName = LaunchScreen;
				INFOPLIST_KEY_UIMainStoryboardFile = Main;
				INFOPLIST_KEY_UISupportedInterfaceOrientations_iPad = "UIInterfaceOrientationPortrait UIInterfaceOrientationPortraitUpsideDown UIInterfaceOrientationLandscapeLeft UIInterfaceOrientationLandscapeRight";
				INFOPLIST_KEY_UISupportedInterfaceOrientations_iPhone = "UIInterfaceOrientationPortrait UIInterfaceOrientationLandscapeLeft UIInterfaceOrientationLandscapeRight";
				LD_RUNPATH_SEARCH_PATHS = (
					"$(inherited)",
					"@executable_path/Frameworks",
				);
				MARKETING_VERSION = 1.0;
				PRODUCT_BUNDLE_IDENTIFIER = Toodoo.PokedexToodoo;
				PRODUCT_NAME = "$(TARGET_NAME)";
				SWIFT_EMIT_LOC_STRINGS = YES;
				SWIFT_VERSION = 5.0;
				TARGETED_DEVICE_FAMILY = "1,2";
			};
			name = Release;
		};
/* End XCBuildConfiguration section */

/* Begin XCConfigurationList section */
		89BAB0192790FC7B007BEEA7 /* Build configuration list for PBXProject "PokedexToodoo" */ = {
			isa = XCConfigurationList;
			buildConfigurations = (
				89BAB0302790FC7B007BEEA7 /* Debug */,
				89BAB0312790FC7B007BEEA7 /* Release */,
			);
			defaultConfigurationIsVisible = 0;
			defaultConfigurationName = Release;
		};
		89BAB0322790FC7B007BEEA7 /* Build configuration list for PBXNativeTarget "PokedexToodoo" */ = {
			isa = XCConfigurationList;
			buildConfigurations = (
				89BAB0332790FC7B007BEEA7 /* Debug */,
				89BAB0342790FC7B007BEEA7 /* Release */,
			);
			defaultConfigurationIsVisible = 0;
			defaultConfigurationName = Release;
		};
/* End XCConfigurationList section */
	};
	rootObject = 89BAB0162790FC7B007BEEA7 /* Project object */;
}
